
Microsoft Visual Studio Solution File, Format Version 12.00
# Visual Studio Version 17
VisualStudioVersion = 17.2.32422.2
MinimumVisualStudioVersion = 10.0.40219.1
Project("{FAE04EC0-301F-11D3-BF4B-00C04F79EFBC}") = "ProjectodeDA", "ProjectodeDA.csproj", "{51F53FA1-1C92-40EB-B5DE-AB91AD45222B}"
EndProject
Global
	GlobalSection(SolutionConfigurationPlatforms) = preSolution
		Debug|Any CPU = Debug|Any CPU
		Release|Any CPU = Release|Any CPU
	EndGlobalSection
	GlobalSection(ProjectConfigurationPlatforms) = postSolution
		{51F53FA1-1C92-40EB-B5DE-AB91AD45222B}.Debug|Any CPU.ActiveCfg = Debug|Any CPU
		{51F53FA1-1C92-40EB-B5DE-AB91AD45222B}.Debug|Any CPU.Build.0 = Debug|Any CPU
		{51F53FA1-1C92-40EB-B5DE-AB91AD45222B}.Release|Any CPU.ActiveCfg = Release|Any CPU
		{51F53FA1-1C92-40EB-B5DE-AB91AD45222B}.Release|Any CPU.Build.0 = Release|Any CPU
	EndGlobalSection
	GlobalSection(SolutionProperties) = preSolution
		HideSolutionNode = FALSE
	EndGlobalSection
	GlobalSection(ExtensibilityGlobals) = postSolution
		SolutionGuid = {E6A41543-5892-41C5-AB2D-1B1606B06590}
	EndGlobalSection
EndGlobal
